# This file is autogenerated, do not edit; changes may be undone by the next 'dep ensure'.


[[projects]]
  branch = "master"
  name = "github.com/skip2/go-qrcode"
  packages = [".","bitset","reedsolomon"]
  revision = "695fc75a09738f9be56aaa3aecfd7dac28e66b63"

[solve-meta]
  analyzer-name = "dep"
  analyzer-version = 1
  inputs-digest = "9094a24c5d5f0ca0993e22a6e3af8cc6a50b6d87628ae6f69f433da34c8721ae"
  solver-name = "gps-cdcl"
  solver-version = 1
